
Microsoft Visual Studio Solution File, Format Version 12.00
# Visual Studio 15
VisualStudioVersion = 15.0.28307.645
MinimumVisualStudioVersion = 10.0.40219.1
Project("{FAE04EC0-301F-11D3-BF4B-00C04F79EFBC}") = "ProjParametroResposta", "ProjParametroResposta\ProjParametroResposta.csproj", "{AFDBDD2B-5E4D-4218-BA55-E2A8F5EE02F6}"
EndProject
Global
	GlobalSection(SolutionConfigurationPlatforms) = preSolution
		Debug|Any CPU = Debug|Any CPU
		Release|Any CPU = Release|Any CPU
	EndGlobalSection
	GlobalSection(ProjectConfigurationPlatforms) = postSolution
		{AFDBDD2B-5E4D-4218-BA55-E2A8F5EE02F6}.Debug|Any CPU.ActiveCfg = Debug|Any CPU
		{AFDBDD2B-5E4D-4218-BA55-E2A8F5EE02F6}.Debug|Any CPU.Build.0 = Debug|Any CPU
		{AFDBDD2B-5E4D-4218-BA55-E2A8F5EE02F6}.Release|Any CPU.ActiveCfg = Release|Any CPU
		{AFDBDD2B-5E4D-4218-BA55-E2A8F5EE02F6}.Release|Any CPU.Build.0 = Release|Any CPU
	EndGlobalSection
	GlobalSection(SolutionProperties) = preSolution
		HideSolutionNode = FALSE
	EndGlobalSection
	GlobalSection(ExtensibilityGlobals) = postSolution
		SolutionGuid = {9B28E4D6-95BB-4B8F-9BF2-35DF2F630944}
	EndGlobalSection
EndGlobal
